{
  "object": {
    "pins": [
      {
        "package": "UnicodeURL",
        "repositoryURL": "https://github.com/nysander/UnicodeURL.git",
        "state": {
          "branch": null,
          "revision": "35b3c771b21518c49c98fae1444c0c1074196ce9",
          "version": "0.0.2"
        }
      }
    ]
  },
  "version": 1
}
