{
  "object": {
    "pins": [
      {
        "package": "UnicodeURL",
        "repositoryURL": "https://github.com/nysander/UnicodeURL.git",
        "state": {
          "branch": null,
          "revision": "fe15c8b585c2e6d22dfe81da899183e6aa376a93",
          "version": "0.1.0"
        }
      }
    ]
  },
  "version": 1
}
