{
  "object": {
    "pins": [
      {
        "package": "UnicodeURL",
        "repositoryURL": "https://github.com/nysander/UnicodeURL.git",
        "state": {
          "branch": null,
          "revision": "fb4b2f041ec5fec3584b59eb497e8a78f3e444f4",
          "version": "0.0.1"
        }
      }
    ]
  },
  "version": 1
}
